
Microsoft Visual Studio Solution File, Format Version 12.00
# Visual Studio 15
VisualStudioVersion = 15.0.28010.2050
MinimumVisualStudioVersion = 10.0.40219.1
Project("{FAE04EC0-301F-11D3-BF4B-00C04F79EFBC}") = "A6", "A6\A6.csproj", "{EEA09E7C-7E1D-412B-9DD1-BBCD379B88A1}"
EndProject
Project("{FAE04EC0-301F-11D3-BF4B-00C04F79EFBC}") = "Api", "Api\Api.csproj", "{1AA4C126-4F75-48D9-A5CE-5FF070A4F952}"
EndProject
Project("{FAE04EC0-301F-11D3-BF4B-00C04F79EFBC}") = "Entity", "Entity\Entity.csproj", "{C9C81C83-367E-4C1C-A8BA-68D2B68BD9C2}"
EndProject
Project("{FAE04EC0-301F-11D3-BF4B-00C04F79EFBC}") = "DAL", "DAL\DAL.csproj", "{D2F58CD3-AA69-4E2D-8618-E9F17E934E60}"
EndProject
Project("{FAE04EC0-301F-11D3-BF4B-00C04F79EFBC}") = "BLL", "BLL\BLL.csproj", "{86A20DB5-8D67-4F79-B6FD-25677384BED8}"
EndProject
Project("{FAE04EC0-301F-11D3-BF4B-00C04F79EFBC}") = "Helper", "Helper\Helper.csproj", "{3770FBB0-C0B0-4D04-BE10-F4BC227EDC3E}"
EndProject
Global
	GlobalSection(SolutionConfigurationPlatforms) = preSolution
		Debug|Any CPU = Debug|Any CPU
		Release|Any CPU = Release|Any CPU
	EndGlobalSection
	GlobalSection(ProjectConfigurationPlatforms) = postSolution
		{EEA09E7C-7E1D-412B-9DD1-BBCD379B88A1}.Debug|Any CPU.ActiveCfg = Debug|Any CPU
		{EEA09E7C-7E1D-412B-9DD1-BBCD379B88A1}.Debug|Any CPU.Build.0 = Debug|Any CPU
		{EEA09E7C-7E1D-412B-9DD1-BBCD379B88A1}.Release|Any CPU.ActiveCfg = Release|Any CPU
		{EEA09E7C-7E1D-412B-9DD1-BBCD379B88A1}.Release|Any CPU.Build.0 = Release|Any CPU
		{1AA4C126-4F75-48D9-A5CE-5FF070A4F952}.Debug|Any CPU.ActiveCfg = Debug|Any CPU
		{1AA4C126-4F75-48D9-A5CE-5FF070A4F952}.Debug|Any CPU.Build.0 = Debug|Any CPU
		{1AA4C126-4F75-48D9-A5CE-5FF070A4F952}.Release|Any CPU.ActiveCfg = Release|Any CPU
		{1AA4C126-4F75-48D9-A5CE-5FF070A4F952}.Release|Any CPU.Build.0 = Release|Any CPU
		{C9C81C83-367E-4C1C-A8BA-68D2B68BD9C2}.Debug|Any CPU.ActiveCfg = Debug|Any CPU
		{C9C81C83-367E-4C1C-A8BA-68D2B68BD9C2}.Debug|Any CPU.Build.0 = Debug|Any CPU
		{C9C81C83-367E-4C1C-A8BA-68D2B68BD9C2}.Release|Any CPU.ActiveCfg = Release|Any CPU
		{C9C81C83-367E-4C1C-A8BA-68D2B68BD9C2}.Release|Any CPU.Build.0 = Release|Any CPU
		{D2F58CD3-AA69-4E2D-8618-E9F17E934E60}.Debug|Any CPU.ActiveCfg = Debug|Any CPU
		{D2F58CD3-AA69-4E2D-8618-E9F17E934E60}.Debug|Any CPU.Build.0 = Debug|Any CPU
		{D2F58CD3-AA69-4E2D-8618-E9F17E934E60}.Release|Any CPU.ActiveCfg = Release|Any CPU
		{D2F58CD3-AA69-4E2D-8618-E9F17E934E60}.Release|Any CPU.Build.0 = Release|Any CPU
		{86A20DB5-8D67-4F79-B6FD-25677384BED8}.Debug|Any CPU.ActiveCfg = Debug|Any CPU
		{86A20DB5-8D67-4F79-B6FD-25677384BED8}.Debug|Any CPU.Build.0 = Debug|Any CPU
		{86A20DB5-8D67-4F79-B6FD-25677384BED8}.Release|Any CPU.ActiveCfg = Release|Any CPU
		{86A20DB5-8D67-4F79-B6FD-25677384BED8}.Release|Any CPU.Build.0 = Release|Any CPU
		{3770FBB0-C0B0-4D04-BE10-F4BC227EDC3E}.Debug|Any CPU.ActiveCfg = Debug|Any CPU
		{3770FBB0-C0B0-4D04-BE10-F4BC227EDC3E}.Debug|Any CPU.Build.0 = Debug|Any CPU
		{3770FBB0-C0B0-4D04-BE10-F4BC227EDC3E}.Release|Any CPU.ActiveCfg = Release|Any CPU
		{3770FBB0-C0B0-4D04-BE10-F4BC227EDC3E}.Release|Any CPU.Build.0 = Release|Any CPU
	EndGlobalSection
	GlobalSection(SolutionProperties) = preSolution
		HideSolutionNode = FALSE
	EndGlobalSection
	GlobalSection(ExtensibilityGlobals) = postSolution
		SolutionGuid = {3CFC98AA-BFF3-4CE2-BDDB-81AB9E0B78F4}
	EndGlobalSection
EndGlobal
